cloud.google.com/go/compute v1.23.4 h1:EBT9Nw4q3zyE7G45Wvv3MzolIrCJEuHys5muLY0wvAw=
cloud.google.com/go/compute v1.23.4/go.mod h1:/EJMj55asU6kAFnuZET8zqgwgJ9FvXWXOkkfQZa4ioI=
cloud.google.com/go/compute/metadata v0.2.3 h1:mg4jlk7mCAj6xXp9UJ4fjI9VUI5rubuGBW5aJ7UnBMY=
cloud.google.com/go/compute/metadata v0.2.3/go.mod h1:VAV5nSsACxMJvgaAuX6Pk2AawlZn8kiOGuCv6gTkwuA=
github.com/pkg/errors v0.9.1 h1:FEBLx1zS214owpjy7qsBeixbURkuhQAwrK5UwLGTwt4=
github.com/pkg/errors v0.9.1/go.mod h1:bwawxfHBFNV+L2hUp1rHADufV3IMtnDRdf1r5NINEl0=
golang.org/x/net v0.24.0 h1:1PcaxkF854Fu3+lvBIx5SYn9wRlBzzcnHZSiaFFAb0w=
golang.org/x/net v0.24.0/go.mod h1:2Q7sJY5mzlzWjKtYUEXSlBWCdyaioyXzRB2RtU8KVE8=
google.golang.org/api v0.172.0 h1:/1OcMZGPmW1rX2LCu2CmGUD1KXK1+pfzxotxyRUCCdk=
google.golang.org/api v0.172.0/go.mod h1:+fJZq6QXWfa9pXhnIzsjx4yI22d4aI9ZpLb58gvXjis=
